
Microsoft Visual Studio Solution File, Format Version 12.00
# Visual Studio Version 17
VisualStudioVersion = 17.8.34309.116
MinimumVisualStudioVersion = 10.0.40219.1
Project("{9A19103F-16F7-4668-BE54-9A1E7A4F7556}") = "IDC.Services", "IDC.Services\IDC.Services.csproj", "{1F1D0D7D-E092-4EBE-A370-91891873DA1D}"
EndProject
Project("{9A19103F-16F7-4668-BE54-9A1E7A4F7556}") = "IDC.Common", "IDC.Common\IDC.Common.csproj", "{D5098848-FBAE-4C74-A3DB-57901D412C4F}"
EndProject
Project("{9A19103F-16F7-4668-BE54-9A1E7A4F7556}") = "IDC.App", "IDC.App\IDC.App.csproj", "{C0A95F01-655C-42E7-9F57-D1EF85BEC363}"
EndProject
Global
	GlobalSection(SolutionConfigurationPlatforms) = preSolution
		Debug|Any CPU = Debug|Any CPU
		Release|Any CPU = Release|Any CPU
	EndGlobalSection
	GlobalSection(ProjectConfigurationPlatforms) = postSolution
		{1F1D0D7D-E092-4EBE-A370-91891873DA1D}.Debug|Any CPU.ActiveCfg = Debug|Any CPU
		{1F1D0D7D-E092-4EBE-A370-91891873DA1D}.Debug|Any CPU.Build.0 = Debug|Any CPU
		{1F1D0D7D-E092-4EBE-A370-91891873DA1D}.Release|Any CPU.ActiveCfg = Release|Any CPU
		{1F1D0D7D-E092-4EBE-A370-91891873DA1D}.Release|Any CPU.Build.0 = Release|Any CPU
		{D5098848-FBAE-4C74-A3DB-57901D412C4F}.Debug|Any CPU.ActiveCfg = Debug|Any CPU
		{D5098848-FBAE-4C74-A3DB-57901D412C4F}.Debug|Any CPU.Build.0 = Debug|Any CPU
		{D5098848-FBAE-4C74-A3DB-57901D412C4F}.Release|Any CPU.ActiveCfg = Release|Any CPU
		{D5098848-FBAE-4C74-A3DB-57901D412C4F}.Release|Any CPU.Build.0 = Release|Any CPU
		{C0A95F01-655C-42E7-9F57-D1EF85BEC363}.Debug|Any CPU.ActiveCfg = Debug|Any CPU
		{C0A95F01-655C-42E7-9F57-D1EF85BEC363}.Debug|Any CPU.Build.0 = Debug|Any CPU
		{C0A95F01-655C-42E7-9F57-D1EF85BEC363}.Release|Any CPU.ActiveCfg = Release|Any CPU
		{C0A95F01-655C-42E7-9F57-D1EF85BEC363}.Release|Any CPU.Build.0 = Release|Any CPU
	EndGlobalSection
	GlobalSection(SolutionProperties) = preSolution
		HideSolutionNode = FALSE
	EndGlobalSection
	GlobalSection(ExtensibilityGlobals) = postSolution
		SolutionGuid = {BF90B281-5C66-46EE-A668-63DD2BCD8B9F}
	EndGlobalSection
EndGlobal
